
Microsoft Visual Studio Solution File, Format Version 12.00
# Visual Studio Version 17
VisualStudioVersion = 17.11.35303.130
MinimumVisualStudioVersion = 10.0.40219.1
Project("{FAE04EC0-301F-11D3-BF4B-00C04F79EFBC}") = "WebPushTest", "WebPushTest\WebPushTest.csproj", "{B637C29B-7A38-45E3-B7D0-37590B531344}"
EndProject
Global
	GlobalSection(SolutionConfigurationPlatforms) = preSolution
		Debug|Any CPU = Debug|Any CPU
		Release|Any CPU = Release|Any CPU
	EndGlobalSection
	GlobalSection(ProjectConfigurationPlatforms) = postSolution
		{B637C29B-7A38-45E3-B7D0-37590B531344}.Debug|Any CPU.ActiveCfg = Debug|Any CPU
		{B637C29B-7A38-45E3-B7D0-37590B531344}.Debug|Any CPU.Build.0 = Debug|Any CPU
		{B637C29B-7A38-45E3-B7D0-37590B531344}.Release|Any CPU.ActiveCfg = Release|Any CPU
		{B637C29B-7A38-45E3-B7D0-37590B531344}.Release|Any CPU.Build.0 = Release|Any CPU
	EndGlobalSection
	GlobalSection(SolutionProperties) = preSolution
		HideSolutionNode = FALSE
	EndGlobalSection
	GlobalSection(ExtensibilityGlobals) = postSolution
		SolutionGuid = {91A7CB81-E4C5-407E-B242-3755E0DD9060}
	EndGlobalSection
EndGlobal
